
Microsoft Visual Studio Solution File, Format Version 12.00
# Visual Studio Version 17
VisualStudioVersion = 17.13.35913.81 d17.13
MinimumVisualStudioVersion = 10.0.40219.1
Project("{54A90642-561A-4BB1-A94E-469ADEE60C69}") = "kt3_git", "KT3_Git\kt3_git.esproj", "{AC75A628-D128-8949-12CB-39E143999A2E}"
EndProject
Global
	GlobalSection(SolutionConfigurationPlatforms) = preSolution
		Debug|Any CPU = Debug|Any CPU
		Release|Any CPU = Release|Any CPU
	EndGlobalSection
	GlobalSection(ProjectConfigurationPlatforms) = postSolution
		{AC75A628-D128-8949-12CB-39E143999A2E}.Debug|Any CPU.ActiveCfg = Debug|Any CPU
		{AC75A628-D128-8949-12CB-39E143999A2E}.Debug|Any CPU.Build.0 = Debug|Any CPU
		{AC75A628-D128-8949-12CB-39E143999A2E}.Debug|Any CPU.Deploy.0 = Debug|Any CPU
		{AC75A628-D128-8949-12CB-39E143999A2E}.Release|Any CPU.ActiveCfg = Release|Any CPU
		{AC75A628-D128-8949-12CB-39E143999A2E}.Release|Any CPU.Build.0 = Release|Any CPU
		{AC75A628-D128-8949-12CB-39E143999A2E}.Release|Any CPU.Deploy.0 = Release|Any CPU
	EndGlobalSection
	GlobalSection(SolutionProperties) = preSolution
		HideSolutionNode = FALSE
	EndGlobalSection
	GlobalSection(ExtensibilityGlobals) = postSolution
		SolutionGuid = {550E159B-246D-4AA8-832E-663BB779849D}
	EndGlobalSection
EndGlobal
